
Microsoft Visual Studio Solution File, Format Version 12.00
# Visual Studio Version 17
VisualStudioVersion = 17.2.32630.192
MinimumVisualStudioVersion = 10.0.40219.1
Project("{9A19103F-16F7-4668-BE54-9A1E7A4F7556}") = "Katmanlı_Mimari", "Katmanlı_Mimari\Katmanlı_Mimari.csproj", "{36BD614E-BA87-49F1-A32F-09323FCB39C3}"
EndProject
Project("{9A19103F-16F7-4668-BE54-9A1E7A4F7556}") = "EntitiyLayer", "EntitiyLayer\EntitiyLayer.csproj", "{6E88EB86-FE46-445B-989F-198712583302}"
EndProject
Project("{9A19103F-16F7-4668-BE54-9A1E7A4F7556}") = "DataAccessLayer", "DataAccessLayer\DataAccessLayer.csproj", "{DE57C2F8-B96D-46D5-B354-79C69DE45427}"
EndProject
Project("{9A19103F-16F7-4668-BE54-9A1E7A4F7556}") = "BusinessLayer", "BusinessLayer\BusinessLayer.csproj", "{D52D1690-1B90-46AF-9024-55805452498A}"
EndProject
Project("{9A19103F-16F7-4668-BE54-9A1E7A4F7556}") = "CoreLayer", "CoreLayer\CoreLayer.csproj", "{6A63DC4C-7059-449B-B797-9A984885E32F}"
EndProject
Project("{FAE04EC0-301F-11D3-BF4B-00C04F79EFBC}") = "BlogApi", "BlogApi\BlogApi.csproj", "{52D0CEE0-8255-4148-BD3C-328383B90925}"
EndProject
Global
	GlobalSection(SolutionConfigurationPlatforms) = preSolution
		Debug|Any CPU = Debug|Any CPU
		Release|Any CPU = Release|Any CPU
	EndGlobalSection
	GlobalSection(ProjectConfigurationPlatforms) = postSolution
		{36BD614E-BA87-49F1-A32F-09323FCB39C3}.Debug|Any CPU.ActiveCfg = Debug|Any CPU
		{36BD614E-BA87-49F1-A32F-09323FCB39C3}.Debug|Any CPU.Build.0 = Debug|Any CPU
		{36BD614E-BA87-49F1-A32F-09323FCB39C3}.Release|Any CPU.ActiveCfg = Release|Any CPU
		{36BD614E-BA87-49F1-A32F-09323FCB39C3}.Release|Any CPU.Build.0 = Release|Any CPU
		{6E88EB86-FE46-445B-989F-198712583302}.Debug|Any CPU.ActiveCfg = Debug|Any CPU
		{6E88EB86-FE46-445B-989F-198712583302}.Debug|Any CPU.Build.0 = Debug|Any CPU
		{6E88EB86-FE46-445B-989F-198712583302}.Release|Any CPU.ActiveCfg = Release|Any CPU
		{6E88EB86-FE46-445B-989F-198712583302}.Release|Any CPU.Build.0 = Release|Any CPU
		{DE57C2F8-B96D-46D5-B354-79C69DE45427}.Debug|Any CPU.ActiveCfg = Debug|Any CPU
		{DE57C2F8-B96D-46D5-B354-79C69DE45427}.Debug|Any CPU.Build.0 = Debug|Any CPU
		{DE57C2F8-B96D-46D5-B354-79C69DE45427}.Release|Any CPU.ActiveCfg = Release|Any CPU
		{DE57C2F8-B96D-46D5-B354-79C69DE45427}.Release|Any CPU.Build.0 = Release|Any CPU
		{D52D1690-1B90-46AF-9024-55805452498A}.Debug|Any CPU.ActiveCfg = Debug|Any CPU
		{D52D1690-1B90-46AF-9024-55805452498A}.Debug|Any CPU.Build.0 = Debug|Any CPU
		{D52D1690-1B90-46AF-9024-55805452498A}.Release|Any CPU.ActiveCfg = Release|Any CPU
		{D52D1690-1B90-46AF-9024-55805452498A}.Release|Any CPU.Build.0 = Release|Any CPU
		{6A63DC4C-7059-449B-B797-9A984885E32F}.Debug|Any CPU.ActiveCfg = Debug|Any CPU
		{6A63DC4C-7059-449B-B797-9A984885E32F}.Debug|Any CPU.Build.0 = Debug|Any CPU
		{6A63DC4C-7059-449B-B797-9A984885E32F}.Release|Any CPU.ActiveCfg = Release|Any CPU
		{6A63DC4C-7059-449B-B797-9A984885E32F}.Release|Any CPU.Build.0 = Release|Any CPU
		{52D0CEE0-8255-4148-BD3C-328383B90925}.Debug|Any CPU.ActiveCfg = Debug|Any CPU
		{52D0CEE0-8255-4148-BD3C-328383B90925}.Debug|Any CPU.Build.0 = Debug|Any CPU
		{52D0CEE0-8255-4148-BD3C-328383B90925}.Release|Any CPU.ActiveCfg = Release|Any CPU
		{52D0CEE0-8255-4148-BD3C-328383B90925}.Release|Any CPU.Build.0 = Release|Any CPU
	EndGlobalSection
	GlobalSection(SolutionProperties) = preSolution
		HideSolutionNode = FALSE
	EndGlobalSection
	GlobalSection(ExtensibilityGlobals) = postSolution
		SolutionGuid = {BEC6CED5-4F03-465E-B809-56F0DD314042}
	EndGlobalSection
EndGlobal
